[{<<"catalog_service">>,
  {git,"https://github.com/joq62/catalog_service.git",
       {ref,"1ad272fe72d61bac596a977b62283ac6d86e8329"}},
  0},
 {<<"controller_service">>,
  {git,"https://github.com/joq62/controller_service.git",
       {ref,"4898ff61df0abdbf5ee76952076a8a51420e84a0"}},
  0},
 {<<"deployment_service">>,
  {git,"https://github.com/joq62/deployment_service.git",
       {ref,"d1eb43a9a8f559255b9a2496aed1d5d2f7ab257a"}},
  0},
 {<<"git_handler_service">>,
  {git,"https://github.com/joq62/git_handler_service.git",
       {ref,"036d8d2935ea467aa226508d9fec7bd6238434ac"}},
  0},
 {<<"host_service">>,
  {git,"https://github.com/joq62/host_service.git",
       {ref,"9db316cd63f056dee3c14c279476182668dcbc5d"}},
  0},
 {<<"log_service">>,
  {git,"https://github.com/joq62/log_service.git",
       {ref,"19e4eb8f871eda682c6a81d8e387a33a8f8acf0a"}},
  0},
 {<<"rd_service">>,
  {git,"https://github.com/joq62/rd_service.git",
       {ref,"f3d4456e84c93f4b48f94d24b6254df8c3f54c32"}},
  0}].
