[{<<"catalog_service">>,
  {git,"https://github.com/joq62/catalog_service.git",
       {ref,"6bf5b87b5f9a11ad6bc004cfc7a886dde6f4a4fe"}},
  0},
 {<<"controller_service">>,
  {git,"https://github.com/joq62/controller_service.git",
       {ref,"65a6cae5f01c1bd30edfcfe7ea0b204c75a3c426"}},
  0},
 {<<"deployment_service">>,
  {git,"https://github.com/joq62/deployment_service.git",
       {ref,"917514dfcb3b63766a924834c53079db096905c4"}},
  0},
 {<<"git_handler_service">>,
  {git,"https://github.com/joq62/git_handler_service.git",
       {ref,"8ca5846a59c0a7bb34ae92ea790e7f1eccbdcfc4"}},
  0},
 {<<"host_service">>,
  {git,"https://github.com/joq62/host_service.git",
       {ref,"0f885c56d7add3642ea4e55455c2fb0436749be1"}},
  0},
 {<<"log_service">>,
  {git,"https://github.com/joq62/log_service.git",
       {ref,"19e4eb8f871eda682c6a81d8e387a33a8f8acf0a"}},
  0},
 {<<"rd_service">>,
  {git,"https://github.com/joq62/rd_service.git",
       {ref,"1e3ac94546de34d66738915d1da66f027eecc123"}},
  0}].
