[{<<"catalog_service">>,
  {git,"https://github.com/joq62/catalog_service.git",
       {ref,"6c1ed0dfca4ff508a34c1b42cb82cd31f8ff57ee"}},
  0},
 {<<"controller_service">>,
  {git,"https://github.com/joq62/controller_service.git",
       {ref,"66859ef5db43ca5806d0ba54aa3a90114dc9b1a7"}},
  0},
 {<<"deployment_service">>,
  {git,"https://github.com/joq62/deployment_service.git",
       {ref,"4be9e35301e245ecaed84ebe28ec7a5ac1f23f4c"}},
  0},
 {<<"git_handler_service">>,
  {git,"https://github.com/joq62/git_handler_service.git",
       {ref,"70bde6cb5b9dbb4c4490c91e6d94e912b7f4b4e7"}},
  0},
 {<<"log_service">>,
  {git,"https://github.com/joq62/log_service.git",
       {ref,"19e4eb8f871eda682c6a81d8e387a33a8f8acf0a"}},
  0},
 {<<"rd_service">>,
  {git,"https://github.com/joq62/rd_service.git",
       {ref,"f3d4456e84c93f4b48f94d24b6254df8c3f54c32"}},
  0}].
